
Microsoft Visual Studio Solution File, Format Version 12.00
# Visual Studio Version 17
VisualStudioVersion = 17.5.002.0
MinimumVisualStudioVersion = 10.0.40219.1
Project("{9A19103F-16F7-4668-BE54-9A1E7A4F7556}") = "HorasGráfico", "HorasGráfico.csproj", "{CC273494-97F2-4C3F-BF17-9CFF6FF5465B}"
EndProject
Global
	GlobalSection(SolutionConfigurationPlatforms) = preSolution
		Debug|Any CPU = Debug|Any CPU
		Release|Any CPU = Release|Any CPU
	EndGlobalSection
	GlobalSection(ProjectConfigurationPlatforms) = postSolution
		{CC273494-97F2-4C3F-BF17-9CFF6FF5465B}.Debug|Any CPU.ActiveCfg = Debug|Any CPU
		{CC273494-97F2-4C3F-BF17-9CFF6FF5465B}.Debug|Any CPU.Build.0 = Debug|Any CPU
		{CC273494-97F2-4C3F-BF17-9CFF6FF5465B}.Release|Any CPU.ActiveCfg = Release|Any CPU
		{CC273494-97F2-4C3F-BF17-9CFF6FF5465B}.Release|Any CPU.Build.0 = Release|Any CPU
	EndGlobalSection
	GlobalSection(SolutionProperties) = preSolution
		HideSolutionNode = FALSE
	EndGlobalSection
	GlobalSection(ExtensibilityGlobals) = postSolution
		SolutionGuid = {764CC57A-A3C1-42A0-B3C1-92800284E6C6}
	EndGlobalSection
EndGlobal
